// !$*UTF8*$!
{
	archiveVersion = 1;
	classes = {
	};
	objectVersion = 46;
	objects = {

/* Begin PBXBuildFile section */
		D8AD4D451A1C150900BE8467 /* asfheader.h in Headers */ = {isa = PBXBuildFile; fileRef = D8AD4D321A1C150900BE8467 /* asfheader.h */; };
		D8AD4D461A1C150900BE8467 /* bswap.h in Headers */ = {isa = PBXBuildFile; fileRef = D8AD4D331A1C150900BE8467 /* bswap.h */; };
		D8AD4D471A1C150900BE8467 /* mms-common-funcs.h in Headers */ = {isa = PBXBuildFile; fileRef = D8AD4D361A1C150900BE8467 /* mms-common-funcs.h */; };
		D8AD4D481A1C150900BE8467 /* mms-common.h in Headers */ = {isa = PBXBuildFile; fileRef = D8AD4D371A1C150900BE8467 /* mms-common.h */; };
		D8AD4D491A1C150900BE8467 /* mms.c in Sources */ = {isa = PBXBuildFile; fileRef = D8AD4D381A1C150900BE8467 /* mms.c */; };
		D8AD4D4A1A1C150900BE8467 /* mms.h in Headers */ = {isa = PBXBuildFile; fileRef = D8AD4D391A1C150900BE8467 /* mms.h */; };
		D8AD4D4B1A1C150900BE8467 /* mms_config.h in Headers */ = {isa = PBXBuildFile; fileRef = D8AD4D3A1A1C150900BE8467 /* mms_config.h */; };
		D8AD4D4C1A1C150900BE8467 /* mmsh.c in Sources */ = {isa = PBXBuildFile; fileRef = D8AD4D3C1A1C150900BE8467 /* mmsh.c */; };
		D8AD4D4D1A1C150900BE8467 /* mmsh.h in Headers */ = {isa = PBXBuildFile; fileRef = D8AD4D3D1A1C150900BE8467 /* mmsh.h */; };
		D8AD4D4E1A1C150900BE8467 /* mmsio.h in Headers */ = {isa = PBXBuildFile; fileRef = D8AD4D3E1A1C150900BE8467 /* mmsio.h */; };
		D8AD4D4F1A1C150900BE8467 /* mmsx.c in Sources */ = {isa = PBXBuildFile; fileRef = D8AD4D3F1A1C150900BE8467 /* mmsx.c */; };
		D8AD4D501A1C150900BE8467 /* mmsx.h in Headers */ = {isa = PBXBuildFile; fileRef = D8AD4D401A1C150900BE8467 /* mmsx.h */; };
		D8AD4D511A1C150900BE8467 /* uri.c in Sources */ = {isa = PBXBuildFile; fileRef = D8AD4D411A1C150900BE8467 /* uri.c */; };
		D8AD4D521A1C150900BE8467 /* uri.h in Headers */ = {isa = PBXBuildFile; fileRef = D8AD4D421A1C150900BE8467 /* uri.h */; };
		D8AD4D531A1C150900BE8467 /* utf.c in Sources */ = {isa = PBXBuildFile; fileRef = D8AD4D431A1C150900BE8467 /* utf.c */; };
		D8AD4D541A1C150900BE8467 /* utf.h in Headers */ = {isa = PBXBuildFile; fileRef = D8AD4D441A1C150900BE8467 /* utf.h */; };
/* End PBXBuildFile section */

/* Begin PBXFileReference section */
		D8AD4D2A1A1C14F000BE8467 /* libmms.a */ = {isa = PBXFileReference; explicitFileType = archive.ar; includeInIndex = 0; path = libmms.a; sourceTree = BUILT_PRODUCTS_DIR; };
		D8AD4D321A1C150900BE8467 /* asfheader.h */ = {isa = PBXFileReference; fileEncoding = 4; lastKnownFileType = sourcecode.c.h; path = asfheader.h; sourceTree = "<group>"; };
		D8AD4D331A1C150900BE8467 /* bswap.h */ = {isa = PBXFileReference; fileEncoding = 4; lastKnownFileType = sourcecode.c.h; path = bswap.h; sourceTree = "<group>"; };
		D8AD4D361A1C150900BE8467 /* mms-common-funcs.h */ = {isa = PBXFileReference; fileEncoding = 4; lastKnownFileType = sourcecode.c.h; path = "mms-common-funcs.h"; sourceTree = "<group>"; };
		D8AD4D371A1C150900BE8467 /* mms-common.h */ = {isa = PBXFileReference; fileEncoding = 4; lastKnownFileType = sourcecode.c.h; path = "mms-common.h"; sourceTree = "<group>"; };
		D8AD4D381A1C150900BE8467 /* mms.c */ = {isa = PBXFileReference; fileEncoding = 4; lastKnownFileType = sourcecode.c.c; path = mms.c; sourceTree = "<group>"; };
		D8AD4D391A1C150900BE8467 /* mms.h */ = {isa = PBXFileReference; fileEncoding = 4; lastKnownFileType = sourcecode.c.h; path = mms.h; sourceTree = "<group>"; };
		D8AD4D3A1A1C150900BE8467 /* mms_config.h */ = {isa = PBXFileReference; fileEncoding = 4; lastKnownFileType = sourcecode.c.h; path = mms_config.h; sourceTree = "<group>"; };
		D8AD4D3C1A1C150900BE8467 /* mmsh.c */ = {isa = PBXFileReference; fileEncoding = 4; lastKnownFileType = sourcecode.c.c; path = mmsh.c; sourceTree = "<group>"; };
		D8AD4D3D1A1C150900BE8467 /* mmsh.h */ = {isa = PBXFileReference; fileEncoding = 4; lastKnownFileType = sourcecode.c.h; path = mmsh.h; sourceTree = "<group>"; };
		D8AD4D3E1A1C150900BE8467 /* mmsio.h */ = {isa = PBXFileReference; fileEncoding = 4; lastKnownFileType = sourcecode.c.h; path = mmsio.h; sourceTree = "<group>"; };
		D8AD4D3F1A1C150900BE8467 /* mmsx.c */ = {isa = PBXFileReference; fileEncoding = 4; lastKnownFileType = sourcecode.c.c; path = mmsx.c; sourceTree = "<group>"; };
		D8AD4D401A1C150900BE8467 /* mmsx.h */ = {isa = PBXFileReference; fileEncoding = 4; lastKnownFileType = sourcecode.c.h; path = mmsx.h; sourceTree = "<group>"; };
		D8AD4D411A1C150900BE8467 /* uri.c */ = {isa = PBXFileReference; fileEncoding = 4; lastKnownFileType = sourcecode.c.c; path = uri.c; sourceTree = "<group>"; };
		D8AD4D421A1C150900BE8467 /* uri.h */ = {isa = PBXFileReference; fileEncoding = 4; lastKnownFileType = sourcecode.c.h; path = uri.h; sourceTree = "<group>"; };
		D8AD4D431A1C150900BE8467 /* utf.c */ = {isa = PBXFileReference; fileEncoding = 4; lastKnownFileType = sourcecode.c.c; path = utf.c; sourceTree = "<group>"; };
		D8AD4D441A1C150900BE8467 /* utf.h */ = {isa = PBXFileReference; fileEncoding = 4; lastKnownFileType = sourcecode.c.h; path = utf.h; sourceTree = "<group>"; };
/* End PBXFileReference section */

/* Begin PBXFrameworksBuildPhase section */
		D8AD4D271A1C14F000BE8467 /* Frameworks */ = {
			isa = PBXFrameworksBuildPhase;
			buildActionMask = 2147483647;
			files = (
			);
			runOnlyForDeploymentPostprocessing = 0;
		};
/* End PBXFrameworksBuildPhase section */

/* Begin PBXGroup section */
		D8AD4D211A1C14F000BE8467 = {
			isa = PBXGroup;
			children = (
				D8AD4D311A1C150900BE8467 /* src */,
				D8AD4D2B1A1C14F000BE8467 /* Products */,
			);
			sourceTree = "<group>";
		};
		D8AD4D2B1A1C14F000BE8467 /* Products */ = {
			isa = PBXGroup;
			children = (
				D8AD4D2A1A1C14F000BE8467 /* libmms.a */,
			);
			name = Products;
			sourceTree = "<group>";
		};
		D8AD4D311A1C150900BE8467 /* src */ = {
			isa = PBXGroup;
			children = (
				D8AD4D321A1C150900BE8467 /* asfheader.h */,
				D8AD4D331A1C150900BE8467 /* bswap.h */,
				D8AD4D361A1C150900BE8467 /* mms-common-funcs.h */,
				D8AD4D371A1C150900BE8467 /* mms-common.h */,
				D8AD4D381A1C150900BE8467 /* mms.c */,
				D8AD4D391A1C150900BE8467 /* mms.h */,
				D8AD4D3A1A1C150900BE8467 /* mms_config.h */,
				D8AD4D3C1A1C150900BE8467 /* mmsh.c */,
				D8AD4D3D1A1C150900BE8467 /* mmsh.h */,
				D8AD4D3E1A1C150900BE8467 /* mmsio.h */,
				D8AD4D3F1A1C150900BE8467 /* mmsx.c */,
				D8AD4D401A1C150900BE8467 /* mmsx.h */,
				D8AD4D411A1C150900BE8467 /* uri.c */,
				D8AD4D421A1C150900BE8467 /* uri.h */,
				D8AD4D431A1C150900BE8467 /* utf.c */,
				D8AD4D441A1C150900BE8467 /* utf.h */,
			);
			name = src;
			path = ../../src;
			sourceTree = "<group>";
		};
/* End PBXGroup section */

/* Begin PBXHeadersBuildPhase section */
		D8AD4D281A1C14F000BE8467 /* Headers */ = {
			isa = PBXHeadersBuildPhase;
			buildActionMask = 2147483647;
			files = (
				D8AD4D541A1C150900BE8467 /* utf.h in Headers */,
				D8AD4D461A1C150900BE8467 /* bswap.h in Headers */,
				D8AD4D4A1A1C150900BE8467 /* mms.h in Headers */,
				D8AD4D4E1A1C150900BE8467 /* mmsio.h in Headers */,
				D8AD4D481A1C150900BE8467 /* mms-common.h in Headers */,
				D8AD4D4D1A1C150900BE8467 /* mmsh.h in Headers */,
				D8AD4D521A1C150900BE8467 /* uri.h in Headers */,
				D8AD4D451A1C150900BE8467 /* asfheader.h in Headers */,
				D8AD4D501A1C150900BE8467 /* mmsx.h in Headers */,
				D8AD4D4B1A1C150900BE8467 /* mms_config.h in Headers */,
				D8AD4D471A1C150900BE8467 /* mms-common-funcs.h in Headers */,
			);
			runOnlyForDeploymentPostprocessing = 0;
		};
/* End PBXHeadersBuildPhase section */

/* Begin PBXNativeTarget section */
		D8AD4D291A1C14F000BE8467 /* mms */ = {
			isa = PBXNativeTarget;
			buildConfigurationList = D8AD4D2E1A1C14F000BE8467 /* Build configuration list for PBXNativeTarget "mms" */;
			buildPhases = (
				D8AD4D261A1C14F000BE8467 /* Sources */,
				D8AD4D271A1C14F000BE8467 /* Frameworks */,
				D8AD4D281A1C14F000BE8467 /* Headers */,
			);
			buildRules = (
			);
			dependencies = (
			);
			name = mms;
			productName = mms;
			productReference = D8AD4D2A1A1C14F000BE8467 /* libmms.a */;
			productType = "com.apple.product-type.library.static";
		};
/* End PBXNativeTarget section */

/* Begin PBXProject section */
		D8AD4D221A1C14F000BE8467 /* Project object */ = {
			isa = PBXProject;
			attributes = {
				LastUpgradeCheck = 0610;
				ORGANIZATIONNAME = MediaArea;
				TargetAttributes = {
					D8AD4D291A1C14F000BE8467 = {
						CreatedOnToolsVersion = 6.1;
					};
				};
			};
			buildConfigurationList = D8AD4D251A1C14F000BE8467 /* Build configuration list for PBXProject "mms" */;
			compatibilityVersion = "Xcode 3.2";
			developmentRegion = English;
			hasScannedForEncodings = 0;
			knownRegions = (
				en,
			);
			mainGroup = D8AD4D211A1C14F000BE8467;
			productRefGroup = D8AD4D2B1A1C14F000BE8467 /* Products */;
			projectDirPath = "";
			projectRoot = "";
			targets = (
				D8AD4D291A1C14F000BE8467 /* mms */,
			);
		};
/* End PBXProject section */

/* Begin PBXSourcesBuildPhase section */
		D8AD4D261A1C14F000BE8467 /* Sources */ = {
			isa = PBXSourcesBuildPhase;
			buildActionMask = 2147483647;
			files = (
				D8AD4D4C1A1C150900BE8467 /* mmsh.c in Sources */,
				D8AD4D491A1C150900BE8467 /* mms.c in Sources */,
				D8AD4D531A1C150900BE8467 /* utf.c in Sources */,
				D8AD4D511A1C150900BE8467 /* uri.c in Sources */,
				D8AD4D4F1A1C150900BE8467 /* mmsx.c in Sources */,
			);
			runOnlyForDeploymentPostprocessing = 0;
		};
/* End PBXSourcesBuildPhase section */

/* Begin XCBuildConfiguration section */
		D8AD4D2C1A1C14F000BE8467 /* Debug */ = {
			isa = XCBuildConfiguration;
			buildSettings = {
				ALWAYS_SEARCH_USER_PATHS = NO;
				CLANG_CXX_LANGUAGE_STANDARD = "gnu++0x";
				CLANG_CXX_LIBRARY = "libc++";
				CLANG_ENABLE_MODULES = YES;
				CLANG_ENABLE_OBJC_ARC = YES;
				CLANG_WARN_BOOL_CONVERSION = YES;
				CLANG_WARN_CONSTANT_CONVERSION = YES;
				CLANG_WARN_DIRECT_OBJC_ISA_USAGE = YES_ERROR;
				CLANG_WARN_EMPTY_BODY = YES;
				CLANG_WARN_ENUM_CONVERSION = YES;
				CLANG_WARN_INT_CONVERSION = YES;
				CLANG_WARN_OBJC_ROOT_CLASS = YES_ERROR;
				CLANG_WARN_UNREACHABLE_CODE = YES;
				CLANG_WARN__DUPLICATE_METHOD_MATCH = YES;
				COPY_PHASE_STRIP = NO;
				ENABLE_STRICT_OBJC_MSGSEND = YES;
				GCC_C_LANGUAGE_STANDARD = gnu99;
				GCC_DYNAMIC_NO_PIC = NO;
				GCC_OPTIMIZATION_LEVEL = 0;
				GCC_PREPROCESSOR_DEFINITIONS = (
					"DEBUG=1",
					"$(inherited)",
				);
				GCC_SYMBOLS_PRIVATE_EXTERN = NO;
				GCC_WARN_64_TO_32_BIT_CONVERSION = YES;
				GCC_WARN_ABOUT_RETURN_TYPE = YES_ERROR;
				GCC_WARN_UNDECLARED_SELECTOR = YES;
				GCC_WARN_UNINITIALIZED_AUTOS = YES_AGGRESSIVE;
				GCC_WARN_UNUSED_FUNCTION = YES;
				GCC_WARN_UNUSED_VARIABLE = YES;
				MACOSX_DEPLOYMENT_TARGET = 10.9;
				MTL_ENABLE_DEBUG_INFO = YES;
				ONLY_ACTIVE_ARCH = YES;
				SDKROOT = macosx;
			};
			name = Debug;
		};
		D8AD4D2D1A1C14F000BE8467 /* Release */ = {
			isa = XCBuildConfiguration;
			buildSettings = {
				ALWAYS_SEARCH_USER_PATHS = NO;
				CLANG_CXX_LANGUAGE_STANDARD = "gnu++0x";
				CLANG_CXX_LIBRARY = "libc++";
				CLANG_ENABLE_MODULES = YES;
				CLANG_ENABLE_OBJC_ARC = YES;
				CLANG_WARN_BOOL_CONVERSION = YES;
				CLANG_WARN_CONSTANT_CONVERSION = YES;
				CLANG_WARN_DIRECT_OBJC_ISA_USAGE = YES_ERROR;
				CLANG_WARN_EMPTY_BODY = YES;
				CLANG_WARN_ENUM_CONVERSION = YES;
				CLANG_WARN_INT_CONVERSION = YES;
				CLANG_WARN_OBJC_ROOT_CLASS = YES_ERROR;
				CLANG_WARN_UNREACHABLE_CODE = YES;
				CLANG_WARN__DUPLICATE_METHOD_MATCH = YES;
				COPY_PHASE_STRIP = YES;
				DEBUG_INFORMATION_FORMAT = "dwarf-with-dsym";
				ENABLE_NS_ASSERTIONS = NO;
				ENABLE_STRICT_OBJC_MSGSEND = YES;
				GCC_C_LANGUAGE_STANDARD = gnu99;
				GCC_WARN_64_TO_32_BIT_CONVERSION = YES;
				GCC_WARN_ABOUT_RETURN_TYPE = YES_ERROR;
				GCC_WARN_UNDECLARED_SELECTOR = YES;
				GCC_WARN_UNINITIALIZED_AUTOS = YES_AGGRESSIVE;
				GCC_WARN_UNUSED_FUNCTION = YES;
				GCC_WARN_UNUSED_VARIABLE = YES;
				MACOSX_DEPLOYMENT_TARGET = 10.9;
				MTL_ENABLE_DEBUG_INFO = NO;
				SDKROOT = macosx;
			};
			name = Release;
		};
		D8AD4D2F1A1C14F000BE8467 /* Debug */ = {
			isa = XCBuildConfiguration;
			buildSettings = {
				ARCHS = "$(ARCHS_STANDARD_32_64_BIT)";
				EXECUTABLE_PREFIX = lib;
				GCC_PREPROCESSOR_DEFINITIONS = (
					"DEBUG=1",
					HAVE_CONFIG_H,
					"$(inherited)",
				);
				PRODUCT_NAME = "$(TARGET_NAME)";
				USER_HEADER_SEARCH_PATHS = ../../;
			};
			name = Debug;
		};
		D8AD4D301A1C14F000BE8467 /* Release */ = {
			isa = XCBuildConfiguration;
			buildSettings = {
				ARCHS = "$(ARCHS_STANDARD_32_64_BIT)";
				EXECUTABLE_PREFIX = lib;
				GCC_PREPROCESSOR_DEFINITIONS = HAVE_CONFIG_H;
				PRODUCT_NAME = "$(TARGET_NAME)";
				USER_HEADER_SEARCH_PATHS = ../../;
			};
			name = Release;
		};
/* End XCBuildConfiguration section */

/* Begin XCConfigurationList section */
		D8AD4D251A1C14F000BE8467 /* Build configuration list for PBXProject "mms" */ = {
			isa = XCConfigurationList;
			buildConfigurations = (
				D8AD4D2C1A1C14F000BE8467 /* Debug */,
				D8AD4D2D1A1C14F000BE8467 /* Release */,
			);
			defaultConfigurationIsVisible = 0;
			defaultConfigurationName = Release;
		};
		D8AD4D2E1A1C14F000BE8467 /* Build configuration list for PBXNativeTarget "mms" */ = {
			isa = XCConfigurationList;
			buildConfigurations = (
				D8AD4D2F1A1C14F000BE8467 /* Debug */,
				D8AD4D301A1C14F000BE8467 /* Release */,
			);
			defaultConfigurationIsVisible = 0;
		};
/* End XCConfigurationList section */
	};
	rootObject = D8AD4D221A1C14F000BE8467 /* Project object */;
}
